
Microsoft Visual Studio Solution File, Format Version 12.00
# Visual Studio Version 17
VisualStudioVersion = 17.9.34728.123
MinimumVisualStudioVersion = 10.0.40219.1
Project("{9A19103F-16F7-4668-BE54-9A1E7A4F7556}") = "DB", "DB\DB.csproj", "{F04A2B9E-CA55-479F-95FE-350047106357}"
EndProject
Project("{9A19103F-16F7-4668-BE54-9A1E7A4F7556}") = "Bloggie.Web", "Bloggie.Web\Bloggie.Web.csproj", "{2D888424-0DAA-4489-9E7D-4F8C48EB7672}"
EndProject
Global
	GlobalSection(SolutionConfigurationPlatforms) = preSolution
		Debug|Any CPU = Debug|Any CPU
		Release|Any CPU = Release|Any CPU
	EndGlobalSection
	GlobalSection(ProjectConfigurationPlatforms) = postSolution
		{F04A2B9E-CA55-479F-95FE-350047106357}.Debug|Any CPU.ActiveCfg = Debug|Any CPU
		{F04A2B9E-CA55-479F-95FE-350047106357}.Debug|Any CPU.Build.0 = Debug|Any CPU
		{F04A2B9E-CA55-479F-95FE-350047106357}.Release|Any CPU.ActiveCfg = Release|Any CPU
		{F04A2B9E-CA55-479F-95FE-350047106357}.Release|Any CPU.Build.0 = Release|Any CPU
		{2D888424-0DAA-4489-9E7D-4F8C48EB7672}.Debug|Any CPU.ActiveCfg = Debug|Any CPU
		{2D888424-0DAA-4489-9E7D-4F8C48EB7672}.Debug|Any CPU.Build.0 = Debug|Any CPU
		{2D888424-0DAA-4489-9E7D-4F8C48EB7672}.Release|Any CPU.ActiveCfg = Release|Any CPU
		{2D888424-0DAA-4489-9E7D-4F8C48EB7672}.Release|Any CPU.Build.0 = Release|Any CPU
	EndGlobalSection
	GlobalSection(SolutionProperties) = preSolution
		HideSolutionNode = FALSE
	EndGlobalSection
	GlobalSection(ExtensibilityGlobals) = postSolution
		SolutionGuid = {F3819595-C96C-4F2A-B61F-76AFDD919488}
	EndGlobalSection
EndGlobal
